
Microsoft Visual Studio Solution File, Format Version 12.00
# Visual Studio 15
VisualStudioVersion = 15.0.27130.2010
MinimumVisualStudioVersion = 10.0.40219.1
Project("{9A19103F-16F7-4668-BE54-9A1E7A4F7556}") = "EventBot.DataAccess", "EventBot.DataAccess\EventBot.DataAccess.csproj", "{826AB65E-F4BB-4285-ABF8-7CF0872D60BE}"
EndProject
Project("{9A19103F-16F7-4668-BE54-9A1E7A4F7556}") = "EventBot.Business", "EventBot.Business\EventBot.Business.csproj", "{0D036C22-1437-46EC-9E12-4231207F7138}"
EndProject
Project("{9A19103F-16F7-4668-BE54-9A1E7A4F7556}") = "EventBot", "EventBot\EventBot.csproj", "{C4C68503-C118-4908-B5ED-04208A82AC0D}"
EndProject
Project("{FAE04EC0-301F-11D3-BF4B-00C04F79EFBC}") = "EventBot.Models", "EventBot.Models\EventBot.Models.csproj", "{4A02E203-7B17-403C-872D-64E21DACACF7}"
EndProject
Global
	GlobalSection(SolutionConfigurationPlatforms) = preSolution
		Debug|Any CPU = Debug|Any CPU
		Release|Any CPU = Release|Any CPU
	EndGlobalSection
	GlobalSection(ProjectConfigurationPlatforms) = postSolution
		{826AB65E-F4BB-4285-ABF8-7CF0872D60BE}.Debug|Any CPU.ActiveCfg = Debug|Any CPU
		{826AB65E-F4BB-4285-ABF8-7CF0872D60BE}.Debug|Any CPU.Build.0 = Debug|Any CPU
		{826AB65E-F4BB-4285-ABF8-7CF0872D60BE}.Release|Any CPU.ActiveCfg = Release|Any CPU
		{826AB65E-F4BB-4285-ABF8-7CF0872D60BE}.Release|Any CPU.Build.0 = Release|Any CPU
		{0D036C22-1437-46EC-9E12-4231207F7138}.Debug|Any CPU.ActiveCfg = Debug|Any CPU
		{0D036C22-1437-46EC-9E12-4231207F7138}.Debug|Any CPU.Build.0 = Debug|Any CPU
		{0D036C22-1437-46EC-9E12-4231207F7138}.Release|Any CPU.ActiveCfg = Release|Any CPU
		{0D036C22-1437-46EC-9E12-4231207F7138}.Release|Any CPU.Build.0 = Release|Any CPU
		{C4C68503-C118-4908-B5ED-04208A82AC0D}.Debug|Any CPU.ActiveCfg = Debug|Any CPU
		{C4C68503-C118-4908-B5ED-04208A82AC0D}.Debug|Any CPU.Build.0 = Debug|Any CPU
		{C4C68503-C118-4908-B5ED-04208A82AC0D}.Release|Any CPU.ActiveCfg = Release|Any CPU
		{C4C68503-C118-4908-B5ED-04208A82AC0D}.Release|Any CPU.Build.0 = Release|Any CPU
		{4A02E203-7B17-403C-872D-64E21DACACF7}.Debug|Any CPU.ActiveCfg = Debug|Any CPU
		{4A02E203-7B17-403C-872D-64E21DACACF7}.Debug|Any CPU.Build.0 = Debug|Any CPU
		{4A02E203-7B17-403C-872D-64E21DACACF7}.Release|Any CPU.ActiveCfg = Release|Any CPU
		{4A02E203-7B17-403C-872D-64E21DACACF7}.Release|Any CPU.Build.0 = Release|Any CPU
	EndGlobalSection
	GlobalSection(SolutionProperties) = preSolution
		HideSolutionNode = FALSE
	EndGlobalSection
	GlobalSection(ExtensibilityGlobals) = postSolution
		SolutionGuid = {B8CBD275-39F2-47D7-A275-F944759533FC}
	EndGlobalSection
EndGlobal
